
Microsoft Visual Studio Solution File, Format Version 12.00
# Visual Studio Version 17
VisualStudioVersion = 17.5.002.0
MinimumVisualStudioVersion = 10.0.40219.1
Project("{2150E333-8FDC-42A3-9474-1A3956D46DE8}") = "Labfiles", "Labfiles", "{A83A3126-8EEA-4CC4-BC7E-120A02610051}"
EndProject
Project("{2150E333-8FDC-42A3-9474-1A3956D46DE8}") = "07-exercise-add-to-index-use-push-api lab-files", "07-exercise-add-to-index-use-push-api lab-files", "{513A6A24-C3A5-4D33-9303-37F6F423FC70}"
EndProject
Project("{9A19103F-16F7-4668-BE54-9A1E7A4F7556}") = "OptimizeDataIndexing", "Labfiles\07-exercise-add-to-index-use-push-api lab-files\OptimizeDataIndexing\OptimizeDataIndexing.csproj", "{BD106794-6F1B-480C-AA0C-87E36BE9A8D1}"
EndProject
Project("{2150E333-8FDC-42A3-9474-1A3956D46DE8}") = "01-azure-search", "01-azure-search", "{14800AD1-AE9C-4E32-B3C0-05EA1E9F9BBD}"
EndProject
Project("{2150E333-8FDC-42A3-9474-1A3956D46DE8}") = "C-Sharp", "C-Sharp", "{244EDE56-73AC-428B-AD31-512ED3038681}"
EndProject
Project("{9A19103F-16F7-4668-BE54-9A1E7A4F7556}") = "search-client", "Labfiles\01-azure-search\C-Sharp\margies-travel\search-client.csproj", "{C3A5707E-03A0-4002-A72A-E95A54A96385}"
EndProject
Global
	GlobalSection(SolutionConfigurationPlatforms) = preSolution
		Debug|Any CPU = Debug|Any CPU
		Release|Any CPU = Release|Any CPU
	EndGlobalSection
	GlobalSection(ProjectConfigurationPlatforms) = postSolution
		{BD106794-6F1B-480C-AA0C-87E36BE9A8D1}.Debug|Any CPU.ActiveCfg = Debug|Any CPU
		{BD106794-6F1B-480C-AA0C-87E36BE9A8D1}.Debug|Any CPU.Build.0 = Debug|Any CPU
		{BD106794-6F1B-480C-AA0C-87E36BE9A8D1}.Release|Any CPU.ActiveCfg = Release|Any CPU
		{BD106794-6F1B-480C-AA0C-87E36BE9A8D1}.Release|Any CPU.Build.0 = Release|Any CPU
		{C3A5707E-03A0-4002-A72A-E95A54A96385}.Debug|Any CPU.ActiveCfg = Debug|Any CPU
		{C3A5707E-03A0-4002-A72A-E95A54A96385}.Debug|Any CPU.Build.0 = Debug|Any CPU
		{C3A5707E-03A0-4002-A72A-E95A54A96385}.Release|Any CPU.ActiveCfg = Release|Any CPU
		{C3A5707E-03A0-4002-A72A-E95A54A96385}.Release|Any CPU.Build.0 = Release|Any CPU
	EndGlobalSection
	GlobalSection(SolutionProperties) = preSolution
		HideSolutionNode = FALSE
	EndGlobalSection
	GlobalSection(NestedProjects) = preSolution
		{513A6A24-C3A5-4D33-9303-37F6F423FC70} = {A83A3126-8EEA-4CC4-BC7E-120A02610051}
		{BD106794-6F1B-480C-AA0C-87E36BE9A8D1} = {513A6A24-C3A5-4D33-9303-37F6F423FC70}
		{14800AD1-AE9C-4E32-B3C0-05EA1E9F9BBD} = {A83A3126-8EEA-4CC4-BC7E-120A02610051}
		{244EDE56-73AC-428B-AD31-512ED3038681} = {14800AD1-AE9C-4E32-B3C0-05EA1E9F9BBD}
		{C3A5707E-03A0-4002-A72A-E95A54A96385} = {244EDE56-73AC-428B-AD31-512ED3038681}
	EndGlobalSection
	GlobalSection(ExtensibilityGlobals) = postSolution
		SolutionGuid = {0BEB3917-07EF-4B07-AA35-31D7BE7D100B}
	EndGlobalSection
EndGlobal
